
Microsoft Visual Studio Solution File, Format Version 12.00
# Visual Studio Version 16
VisualStudioVersion = 16.0.29102.190
MinimumVisualStudioVersion = 10.0.40219.1
Project("{9A19103F-16F7-4668-BE54-9A1E7A4F7556}") = "UEditorNetCore", "UEditorNetCore\UEditorNetCore.csproj", "{2214B576-C052-481C-BD85-71C93F935F24}"
EndProject
Project("{9A19103F-16F7-4668-BE54-9A1E7A4F7556}") = "UEditorNetCoreExample", "UEditorNetCoreExample\UEditorNetCoreExample.csproj", "{BE9CC8C5-07B8-4C14-A4B0-C63B8EB82D58}"
EndProject
Project("{FAE04EC0-301F-11D3-BF4B-00C04F79EFBC}") = "UEditorNetCore.Model", "UEditorNetCore.Model\UEditorNetCore.Model.csproj", "{046F8DB5-0562-4442-AC2A-FE3D45EC3F95}"
EndProject
Project("{FAE04EC0-301F-11D3-BF4B-00C04F79EFBC}") = "UEditorNetCore.IService", "UEditorNetCore.ISerivice\UEditorNetCore.IService.csproj", "{ACA1BE43-8AAA-405F-ABDF-8745AE926C49}"
EndProject
Project("{FAE04EC0-301F-11D3-BF4B-00C04F79EFBC}") = "UEditorNetCore.Service", "UEditorNetCore.Service\UEditorNetCore.Service.csproj", "{6E77C19E-0FCB-41E7-806D-6365E5BCD3EA}"
EndProject
Global
	GlobalSection(SolutionConfigurationPlatforms) = preSolution
		Debug|Any CPU = Debug|Any CPU
		Release|Any CPU = Release|Any CPU
	EndGlobalSection
	GlobalSection(ProjectConfigurationPlatforms) = postSolution
		{2214B576-C052-481C-BD85-71C93F935F24}.Debug|Any CPU.ActiveCfg = Debug|Any CPU
		{2214B576-C052-481C-BD85-71C93F935F24}.Debug|Any CPU.Build.0 = Debug|Any CPU
		{2214B576-C052-481C-BD85-71C93F935F24}.Release|Any CPU.ActiveCfg = Release|Any CPU
		{2214B576-C052-481C-BD85-71C93F935F24}.Release|Any CPU.Build.0 = Release|Any CPU
		{BE9CC8C5-07B8-4C14-A4B0-C63B8EB82D58}.Debug|Any CPU.ActiveCfg = Debug|Any CPU
		{BE9CC8C5-07B8-4C14-A4B0-C63B8EB82D58}.Debug|Any CPU.Build.0 = Debug|Any CPU
		{BE9CC8C5-07B8-4C14-A4B0-C63B8EB82D58}.Release|Any CPU.ActiveCfg = Release|Any CPU
		{BE9CC8C5-07B8-4C14-A4B0-C63B8EB82D58}.Release|Any CPU.Build.0 = Release|Any CPU
		{046F8DB5-0562-4442-AC2A-FE3D45EC3F95}.Debug|Any CPU.ActiveCfg = Debug|Any CPU
		{046F8DB5-0562-4442-AC2A-FE3D45EC3F95}.Debug|Any CPU.Build.0 = Debug|Any CPU
		{046F8DB5-0562-4442-AC2A-FE3D45EC3F95}.Release|Any CPU.ActiveCfg = Release|Any CPU
		{046F8DB5-0562-4442-AC2A-FE3D45EC3F95}.Release|Any CPU.Build.0 = Release|Any CPU
		{ACA1BE43-8AAA-405F-ABDF-8745AE926C49}.Debug|Any CPU.ActiveCfg = Debug|Any CPU
		{ACA1BE43-8AAA-405F-ABDF-8745AE926C49}.Debug|Any CPU.Build.0 = Debug|Any CPU
		{ACA1BE43-8AAA-405F-ABDF-8745AE926C49}.Release|Any CPU.ActiveCfg = Release|Any CPU
		{ACA1BE43-8AAA-405F-ABDF-8745AE926C49}.Release|Any CPU.Build.0 = Release|Any CPU
		{6E77C19E-0FCB-41E7-806D-6365E5BCD3EA}.Debug|Any CPU.ActiveCfg = Debug|Any CPU
		{6E77C19E-0FCB-41E7-806D-6365E5BCD3EA}.Debug|Any CPU.Build.0 = Debug|Any CPU
		{6E77C19E-0FCB-41E7-806D-6365E5BCD3EA}.Release|Any CPU.ActiveCfg = Release|Any CPU
		{6E77C19E-0FCB-41E7-806D-6365E5BCD3EA}.Release|Any CPU.Build.0 = Release|Any CPU
	EndGlobalSection
	GlobalSection(SolutionProperties) = preSolution
		HideSolutionNode = FALSE
	EndGlobalSection
	GlobalSection(ExtensibilityGlobals) = postSolution
		SolutionGuid = {BAB26231-75ED-4637-BF20-DD9A6F3E7BC4}
	EndGlobalSection
EndGlobal
